
Microsoft Visual Studio Solution File, Format Version 12.00
# Visual Studio Version 17
VisualStudioVersion = 17.0.31903.59
MinimumVisualStudioVersion = 10.0.40219.1
Project("{FAE04EC0-301F-11D3-BF4B-00C04F79EFBC}") = "API", "API\API.csproj", "{76DB2E4E-32A8-4647-97D1-A9FC5B31D693}"
EndProject
Project("{FAE04EC0-301F-11D3-BF4B-00C04F79EFBC}") = "Core", "Core\Core.csproj", "{E9505F31-3049-465D-8C29-C5CC46E54FE8}"
EndProject
Project("{FAE04EC0-301F-11D3-BF4B-00C04F79EFBC}") = "Infrastructure", "Infrastructure\Infrastructure.csproj", "{2C5C58BA-DB62-452C-96E1-1A8AE52AADF7}"
EndProject
Global
	GlobalSection(SolutionConfigurationPlatforms) = preSolution
		Debug|Any CPU = Debug|Any CPU
		Release|Any CPU = Release|Any CPU
	EndGlobalSection
	GlobalSection(SolutionProperties) = preSolution
		HideSolutionNode = FALSE
	EndGlobalSection
	GlobalSection(ProjectConfigurationPlatforms) = postSolution
		{76DB2E4E-32A8-4647-97D1-A9FC5B31D693}.Debug|Any CPU.ActiveCfg = Debug|Any CPU
		{76DB2E4E-32A8-4647-97D1-A9FC5B31D693}.Debug|Any CPU.Build.0 = Debug|Any CPU
		{76DB2E4E-32A8-4647-97D1-A9FC5B31D693}.Release|Any CPU.ActiveCfg = Release|Any CPU
		{76DB2E4E-32A8-4647-97D1-A9FC5B31D693}.Release|Any CPU.Build.0 = Release|Any CPU
		{E9505F31-3049-465D-8C29-C5CC46E54FE8}.Debug|Any CPU.ActiveCfg = Debug|Any CPU
		{E9505F31-3049-465D-8C29-C5CC46E54FE8}.Debug|Any CPU.Build.0 = Debug|Any CPU
		{E9505F31-3049-465D-8C29-C5CC46E54FE8}.Release|Any CPU.ActiveCfg = Release|Any CPU
		{E9505F31-3049-465D-8C29-C5CC46E54FE8}.Release|Any CPU.Build.0 = Release|Any CPU
		{2C5C58BA-DB62-452C-96E1-1A8AE52AADF7}.Debug|Any CPU.ActiveCfg = Debug|Any CPU
		{2C5C58BA-DB62-452C-96E1-1A8AE52AADF7}.Debug|Any CPU.Build.0 = Debug|Any CPU
		{2C5C58BA-DB62-452C-96E1-1A8AE52AADF7}.Release|Any CPU.ActiveCfg = Release|Any CPU
		{2C5C58BA-DB62-452C-96E1-1A8AE52AADF7}.Release|Any CPU.Build.0 = Release|Any CPU
	EndGlobalSection
EndGlobal
